
Microsoft Visual Studio Solution File, Format Version 12.00
# Visual Studio Version 16
VisualStudioVersion = 16.0.28803.352
MinimumVisualStudioVersion = 10.0.40219.1
Project("{FAE04EC0-301F-11D3-BF4B-00C04F79EFBC}") = "TraningAzureWeb", "TraningAzureWeb\TraningAzureWeb.csproj", "{4CB0ADE3-40F2-4D5D-B027-8157A7244831}"
EndProject
Global
	GlobalSection(SolutionConfigurationPlatforms) = preSolution
		Debug|Any CPU = Debug|Any CPU
		Release|Any CPU = Release|Any CPU
	EndGlobalSection
	GlobalSection(ProjectConfigurationPlatforms) = postSolution
		{4CB0ADE3-40F2-4D5D-B027-8157A7244831}.Debug|Any CPU.ActiveCfg = Debug|Any CPU
		{4CB0ADE3-40F2-4D5D-B027-8157A7244831}.Debug|Any CPU.Build.0 = Debug|Any CPU
		{4CB0ADE3-40F2-4D5D-B027-8157A7244831}.Release|Any CPU.ActiveCfg = Release|Any CPU
		{4CB0ADE3-40F2-4D5D-B027-8157A7244831}.Release|Any CPU.Build.0 = Release|Any CPU
	EndGlobalSection
	GlobalSection(SolutionProperties) = preSolution
		HideSolutionNode = FALSE
	EndGlobalSection
	GlobalSection(ExtensibilityGlobals) = postSolution
		SolutionGuid = {E1D78F3A-6C5C-411D-BD68-B1B6241EA083}
	EndGlobalSection
EndGlobal
